
Microsoft Visual Studio Solution File, Format Version 12.00
# Visual Studio 2012
Project("{8BC9CEB8-8B4A-11D0-8D11-00A0C91BC942}") = "FINALPHOENIX", "FINALPHOENIX\FINALPHOENIX.vcxproj", "{3870D88F-4585-48BE-B40C-12511A480D44}"
EndProject
Global
	GlobalSection(SolutionConfigurationPlatforms) = preSolution
		Debug|Win32 = Debug|Win32
		Release|Win32 = Release|Win32
	EndGlobalSection
	GlobalSection(ProjectConfigurationPlatforms) = postSolution
		{3870D88F-4585-48BE-B40C-12511A480D44}.Debug|Win32.ActiveCfg = Debug|Win32
		{3870D88F-4585-48BE-B40C-12511A480D44}.Debug|Win32.Build.0 = Debug|Win32
		{3870D88F-4585-48BE-B40C-12511A480D44}.Release|Win32.ActiveCfg = Release|Win32
		{3870D88F-4585-48BE-B40C-12511A480D44}.Release|Win32.Build.0 = Release|Win32
	EndGlobalSection
	GlobalSection(SolutionProperties) = preSolution
		HideSolutionNode = FALSE
	EndGlobalSection
EndGlobal
